{
    "_readme": [
        "This file locks the dependencies of your project to a known state",
        "Read more about it at https://getcomposer.org/doc/01-basic-usage.md#composer-lock-the-lock-file",
        "This file is @generated automatically"
    ],
    "hash": "c3c702af806c2d7293a2fb8958d65bd5",
    "content-hash": "6c9172463674a640dab1d336e9d8af71",
    "packages": [
        {
            "name": "gum/gum",
            "version": "dev-master",
            "source": {
                "type": "git",
                "url": "https://github.com/staydecent/Gum.git",
                "reference": "1dae758c0c6da255e391efaf13aa20775fde75b1"
            },
            "dist": {
                "type": "zip",
                "url": "https://api.github.com/repos/staydecent/Gum/zipball/ed1aaf64451cdf86f2bdcdef042be353aaae11e8",
                "reference": "1dae758c0c6da255e391efaf13aa20775fde75b1",
                "shasum": ""
            },
            "type": "library",
            "autoload": {
                "psr-0": {
                    "Gum": "src"
                }
            },
            "notification-url": "https://packagist.org/downloads/",
            "license": [
                "Public Domain"
            ],
            "authors": [
                {
                    "name": "Adrian Unger",
                    "email": "dev@staydecent.ca",
                    "homepage": "http://staydecent.ca"
                }
            ],
            "description": "Map URLs to callbacks.",
            "homepage": "https://github.com/staydecent/Gum",
            "keywords": [
                "map",
                "microframework",
                "router",
                "routing"
            ],
            "time": "2013-06-26 18:54:34"
        },
        {
            "name": "mandrill/mandrill",
            "version": "1.0.55",
            "source": {
                "type": "git",
                "url": "https://bitbucket.org/mailchimp/mandrill-api-php.git",
                "reference": "da3adc10042eafac2e53de141b358a52b8e53596"
            },
            "dist": {
                "type": "zip",
                "url": "https://bitbucket.org/mailchimp/mandrill-api-php/get/da3adc10042eafac2e53de141b358a52b8e53596.zip",
                "reference": "da3adc10042eafac2e53de141b358a52b8e53596",
                "shasum": ""
            },
            "require": {
                "php": ">=5.2.0"
            },
            "type": "library",
            "autoload": {
                "psr-0": {
                    "Mandrill": "src/"
                }
            },
            "notification-url": "https://packagist.org/downloads/",
            "license": [
                "Apache-2.0"
            ],
            "authors": [
                {
                    "name": "Mandrill Devs",
                    "email": "community@mandrill.com",
                    "homepage": "http://mandrill.com",
                    "role": "Developer"
                }
            ],
            "description": "API client library for the Mandrill email as a service platform",
            "homepage": "https://bitbucket.org/mailchimp/mandrill-api-php",
            "keywords": [
                "api",
                "email"
            ],
            "time": "2015-09-22 13:58:03"
        },
        {
            "name": "volnix/csrf",
            "version": "1.2.0",
            "source": {
                "type": "git",
                "url": "https://github.com/volnix/csrf.git",
                "reference": "73743e18c22e680dfb6b34d0f7e8a649b4fc9532"
            },
            "dist": {
                "type": "zip",
                "url": "https://api.github.com/repos/volnix/csrf/zipball/73743e18c22e680dfb6b34d0f7e8a649b4fc9532",
                "reference": "73743e18c22e680dfb6b34d0f7e8a649b4fc9532",
                "shasum": ""
            },
            "require": {
                "php": ">= 5.3"
            },
            "require-dev": {
                "phpunit/phpunit": "~3.7"
            },
            "type": "library",
            "autoload": {
                "psr-4": {
                    "Volnix\\CSRF\\": "src/"
                }
            },
            "notification-url": "https://packagist.org/downloads/",
            "license": [
                "MIT"
            ],
            "authors": [
                {
                    "name": "Nick Volgas",
                    "email": "nvolgas@ark.org"
                }
            ],
            "description": "CSRF protection library that compares provided token to session token to ensure request validity.",
            "homepage": "https://github.com/volnix/csrf",
            "time": "2015-11-24 15:32:52"
        }
    ],
    "packages-dev": [],
    "aliases": [],
    "minimum-stability": "stable",
    "stability-flags": {
        "gum/gum": 20
    },
    "prefer-stable": false,
    "prefer-lowest": false,
    "platform": [],
    "platform-dev": []
}
